
Microsoft Visual Studio Solution File, Format Version 12.00
# Visual Studio Version 17
VisualStudioVersion = 17.5.002.0
MinimumVisualStudioVersion = 10.0.40219.1
Project("{9A19103F-16F7-4668-BE54-9A1E7A4F7556}") = "Snake", "Snake.csproj", "{CA559847-FA38-4C48-9301-436DA478A811}"
EndProject
Global
	GlobalSection(SolutionConfigurationPlatforms) = preSolution
		Debug|Any CPU = Debug|Any CPU
		Release|Any CPU = Release|Any CPU
	EndGlobalSection
	GlobalSection(ProjectConfigurationPlatforms) = postSolution
		{CA559847-FA38-4C48-9301-436DA478A811}.Debug|Any CPU.ActiveCfg = Debug|Any CPU
		{CA559847-FA38-4C48-9301-436DA478A811}.Debug|Any CPU.Build.0 = Debug|Any CPU
		{CA559847-FA38-4C48-9301-436DA478A811}.Release|Any CPU.ActiveCfg = Release|Any CPU
		{CA559847-FA38-4C48-9301-436DA478A811}.Release|Any CPU.Build.0 = Release|Any CPU
	EndGlobalSection
	GlobalSection(SolutionProperties) = preSolution
		HideSolutionNode = FALSE
	EndGlobalSection
	GlobalSection(ExtensibilityGlobals) = postSolution
		SolutionGuid = {5FF26E17-E71C-426E-A758-B83692DD7B68}
	EndGlobalSection
EndGlobal
